
Microsoft Visual Studio Solution File, Format Version 12.00
# Visual Studio Version 17
VisualStudioVersion = 17.9.34616.47
MinimumVisualStudioVersion = 10.0.40219.1
Project("{FAE04EC0-301F-11D3-BF4B-00C04F79EFBC}") = "BromoAirlines", "BromoAirlines\BromoAirlines.csproj", "{077C7C40-C441-4DA7-8275-1128FE410E15}"
EndProject
Global
	GlobalSection(SolutionConfigurationPlatforms) = preSolution
		Debug|Any CPU = Debug|Any CPU
		Release|Any CPU = Release|Any CPU
	EndGlobalSection
	GlobalSection(ProjectConfigurationPlatforms) = postSolution
		{077C7C40-C441-4DA7-8275-1128FE410E15}.Debug|Any CPU.ActiveCfg = Debug|Any CPU
		{077C7C40-C441-4DA7-8275-1128FE410E15}.Debug|Any CPU.Build.0 = Debug|Any CPU
		{077C7C40-C441-4DA7-8275-1128FE410E15}.Release|Any CPU.ActiveCfg = Release|Any CPU
		{077C7C40-C441-4DA7-8275-1128FE410E15}.Release|Any CPU.Build.0 = Release|Any CPU
	EndGlobalSection
	GlobalSection(SolutionProperties) = preSolution
		HideSolutionNode = FALSE
	EndGlobalSection
	GlobalSection(ExtensibilityGlobals) = postSolution
		SolutionGuid = {978057CC-D4AA-4EEE-AD2D-9E554C7868F1}
	EndGlobalSection
EndGlobal
